
Microsoft Visual Studio Solution File, Format Version 12.00
# Visual Studio Version 16
VisualStudioVersion = 16.0.31729.503
MinimumVisualStudioVersion = 10.0.40219.1
Project("{9A19103F-16F7-4668-BE54-9A1E7A4F7556}") = "Messenger.Client", "Messenger.Client\Messenger.Client.csproj", "{EDBC667C-2833-4931-B629-5FFC12CFFCBC}"
EndProject
Project("{FAE04EC0-301F-11D3-BF4B-00C04F79EFBC}") = "Messenger.Core", "Messenger.Core\Messenger.Core.csproj", "{5F022E97-A6FC-49A5-A55A-076FF94B4CE2}"
EndProject
Global
	GlobalSection(SolutionConfigurationPlatforms) = preSolution
		Debug|Any CPU = Debug|Any CPU
		Release|Any CPU = Release|Any CPU
	EndGlobalSection
	GlobalSection(ProjectConfigurationPlatforms) = postSolution
		{EDBC667C-2833-4931-B629-5FFC12CFFCBC}.Debug|Any CPU.ActiveCfg = Debug|Any CPU
		{EDBC667C-2833-4931-B629-5FFC12CFFCBC}.Debug|Any CPU.Build.0 = Debug|Any CPU
		{EDBC667C-2833-4931-B629-5FFC12CFFCBC}.Release|Any CPU.ActiveCfg = Release|Any CPU
		{EDBC667C-2833-4931-B629-5FFC12CFFCBC}.Release|Any CPU.Build.0 = Release|Any CPU
		{5F022E97-A6FC-49A5-A55A-076FF94B4CE2}.Debug|Any CPU.ActiveCfg = Debug|Any CPU
		{5F022E97-A6FC-49A5-A55A-076FF94B4CE2}.Debug|Any CPU.Build.0 = Debug|Any CPU
		{5F022E97-A6FC-49A5-A55A-076FF94B4CE2}.Release|Any CPU.ActiveCfg = Release|Any CPU
		{5F022E97-A6FC-49A5-A55A-076FF94B4CE2}.Release|Any CPU.Build.0 = Release|Any CPU
	EndGlobalSection
	GlobalSection(SolutionProperties) = preSolution
		HideSolutionNode = FALSE
	EndGlobalSection
	GlobalSection(ExtensibilityGlobals) = postSolution
		SolutionGuid = {94AA2096-0598-42CA-99D0-568C60360877}
	EndGlobalSection
EndGlobal
